
Microsoft Visual Studio Solution File, Format Version 12.00
# Visual Studio Version 17
VisualStudioVersion = 17.8.34330.188
MinimumVisualStudioVersion = 10.0.40219.1
Project("{9A19103F-16F7-4668-BE54-9A1E7A4F7556}") = "Api", "Api\Api.csproj", "{855A614E-07D9-4A31-8900-6F4592A3AF82}"
EndProject
Global
	GlobalSection(SolutionConfigurationPlatforms) = preSolution
		Debug|Any CPU = Debug|Any CPU
		Release|Any CPU = Release|Any CPU
	EndGlobalSection
	GlobalSection(ProjectConfigurationPlatforms) = postSolution
		{855A614E-07D9-4A31-8900-6F4592A3AF82}.Debug|Any CPU.ActiveCfg = Debug|Any CPU
		{855A614E-07D9-4A31-8900-6F4592A3AF82}.Debug|Any CPU.Build.0 = Debug|Any CPU
		{855A614E-07D9-4A31-8900-6F4592A3AF82}.Release|Any CPU.ActiveCfg = Release|Any CPU
		{855A614E-07D9-4A31-8900-6F4592A3AF82}.Release|Any CPU.Build.0 = Release|Any CPU
	EndGlobalSection
	GlobalSection(SolutionProperties) = preSolution
		HideSolutionNode = FALSE
	EndGlobalSection
	GlobalSection(ExtensibilityGlobals) = postSolution
		SolutionGuid = {AABD88BE-B8BA-459B-A1D4-2DDCFF60113E}
	EndGlobalSection
EndGlobal
